
Microsoft Visual Studio Solution File, Format Version 12.00
# Visual Studio Version 17
VisualStudioVersion = 17.9.34607.119
MinimumVisualStudioVersion = 10.0.40219.1
Project("{9A19103F-16F7-4668-BE54-9A1E7A4F7556}") = "Trie", "Trie.csproj", "{C9FCFCE1-A0FA-4C63-ACC3-ACA349C7A4EF}"
EndProject
Project("{FAE04EC0-301F-11D3-BF4B-00C04F79EFBC}") = "TrieTests", "..\TrieTests\TrieTests.csproj", "{C62D24E9-068D-47BA-BAC4-1AA3097829F0}"
EndProject
Global
	GlobalSection(SolutionConfigurationPlatforms) = preSolution
		Debug|Any CPU = Debug|Any CPU
		Release|Any CPU = Release|Any CPU
	EndGlobalSection
	GlobalSection(ProjectConfigurationPlatforms) = postSolution
		{C9FCFCE1-A0FA-4C63-ACC3-ACA349C7A4EF}.Debug|Any CPU.ActiveCfg = Debug|Any CPU
		{C9FCFCE1-A0FA-4C63-ACC3-ACA349C7A4EF}.Debug|Any CPU.Build.0 = Debug|Any CPU
		{C9FCFCE1-A0FA-4C63-ACC3-ACA349C7A4EF}.Release|Any CPU.ActiveCfg = Release|Any CPU
		{C9FCFCE1-A0FA-4C63-ACC3-ACA349C7A4EF}.Release|Any CPU.Build.0 = Release|Any CPU
		{C62D24E9-068D-47BA-BAC4-1AA3097829F0}.Debug|Any CPU.ActiveCfg = Debug|Any CPU
		{C62D24E9-068D-47BA-BAC4-1AA3097829F0}.Debug|Any CPU.Build.0 = Debug|Any CPU
		{C62D24E9-068D-47BA-BAC4-1AA3097829F0}.Release|Any CPU.ActiveCfg = Release|Any CPU
		{C62D24E9-068D-47BA-BAC4-1AA3097829F0}.Release|Any CPU.Build.0 = Release|Any CPU
	EndGlobalSection
	GlobalSection(SolutionProperties) = preSolution
		HideSolutionNode = FALSE
	EndGlobalSection
	GlobalSection(ExtensibilityGlobals) = postSolution
		SolutionGuid = {58AC01CA-BC07-44BF-83A6-94BD1FCE1EF1}
	EndGlobalSection
EndGlobal
