
Microsoft Visual Studio Solution File, Format Version 12.00
# Visual Studio Version 17
VisualStudioVersion = 17.9.34607.119
MinimumVisualStudioVersion = 10.0.40219.1
Project("{FAE04EC0-301F-11D3-BF4B-00C04F79EFBC}") = "Calculator", "Calculator.csproj", "{BF6BC354-5ED1-4BDE-BEC8-DA86EB5592AE}"
EndProject
Project("{FAE04EC0-301F-11D3-BF4B-00C04F79EFBC}") = "CalculatorTest", "..\CalculatorTest\CalculatorTest.csproj", "{0121FEA6-7574-40A1-9D65-37A6D606F704}"
EndProject
Global
	GlobalSection(SolutionConfigurationPlatforms) = preSolution
		Debug|Any CPU = Debug|Any CPU
		Release|Any CPU = Release|Any CPU
	EndGlobalSection
	GlobalSection(ProjectConfigurationPlatforms) = postSolution
		{BF6BC354-5ED1-4BDE-BEC8-DA86EB5592AE}.Debug|Any CPU.ActiveCfg = Debug|Any CPU
		{BF6BC354-5ED1-4BDE-BEC8-DA86EB5592AE}.Debug|Any CPU.Build.0 = Debug|Any CPU
		{BF6BC354-5ED1-4BDE-BEC8-DA86EB5592AE}.Release|Any CPU.ActiveCfg = Release|Any CPU
		{BF6BC354-5ED1-4BDE-BEC8-DA86EB5592AE}.Release|Any CPU.Build.0 = Release|Any CPU
		{0121FEA6-7574-40A1-9D65-37A6D606F704}.Debug|Any CPU.ActiveCfg = Debug|Any CPU
		{0121FEA6-7574-40A1-9D65-37A6D606F704}.Debug|Any CPU.Build.0 = Debug|Any CPU
		{0121FEA6-7574-40A1-9D65-37A6D606F704}.Release|Any CPU.ActiveCfg = Release|Any CPU
		{0121FEA6-7574-40A1-9D65-37A6D606F704}.Release|Any CPU.Build.0 = Release|Any CPU
	EndGlobalSection
	GlobalSection(SolutionProperties) = preSolution
		HideSolutionNode = FALSE
	EndGlobalSection
	GlobalSection(ExtensibilityGlobals) = postSolution
		SolutionGuid = {12A3E62F-E9FF-4594-A0B9-39785F5FBAEC}
	EndGlobalSection
EndGlobal
