
Microsoft Visual Studio Solution File, Format Version 12.00
# Visual Studio Version 17
VisualStudioVersion = 17.9.34902.65
MinimumVisualStudioVersion = 10.0.40219.1
Project("{FAE04EC0-301F-11D3-BF4B-00C04F79EFBC}") = "Calculator", "Calculator.csproj", "{3BD048C4-3DA4-4812-97A7-5F57D26525BC}"
EndProject
Project("{FAE04EC0-301F-11D3-BF4B-00C04F79EFBC}") = "CalculatorTests", "..\CalculatorTests\CalculatorTests.csproj", "{D38AC565-CF91-4622-9D0D-5E163ED3E8A3}"
EndProject
Global
	GlobalSection(SolutionConfigurationPlatforms) = preSolution
		Debug|Any CPU = Debug|Any CPU
		Release|Any CPU = Release|Any CPU
	EndGlobalSection
	GlobalSection(ProjectConfigurationPlatforms) = postSolution
		{3BD048C4-3DA4-4812-97A7-5F57D26525BC}.Debug|Any CPU.ActiveCfg = Debug|Any CPU
		{3BD048C4-3DA4-4812-97A7-5F57D26525BC}.Debug|Any CPU.Build.0 = Debug|Any CPU
		{3BD048C4-3DA4-4812-97A7-5F57D26525BC}.Release|Any CPU.ActiveCfg = Release|Any CPU
		{3BD048C4-3DA4-4812-97A7-5F57D26525BC}.Release|Any CPU.Build.0 = Release|Any CPU
		{D38AC565-CF91-4622-9D0D-5E163ED3E8A3}.Debug|Any CPU.ActiveCfg = Debug|Any CPU
		{D38AC565-CF91-4622-9D0D-5E163ED3E8A3}.Debug|Any CPU.Build.0 = Debug|Any CPU
		{D38AC565-CF91-4622-9D0D-5E163ED3E8A3}.Release|Any CPU.ActiveCfg = Release|Any CPU
		{D38AC565-CF91-4622-9D0D-5E163ED3E8A3}.Release|Any CPU.Build.0 = Release|Any CPU
	EndGlobalSection
	GlobalSection(SolutionProperties) = preSolution
		HideSolutionNode = FALSE
	EndGlobalSection
	GlobalSection(ExtensibilityGlobals) = postSolution
		SolutionGuid = {D156A3F0-05BE-4EA9-91E2-0AC28E0CD92B}
	EndGlobalSection
EndGlobal
