
Microsoft Visual Studio Solution File, Format Version 12.00
# Visual Studio Version 17
VisualStudioVersion = 17.5.002.0
MinimumVisualStudioVersion = 10.0.40219.1
Project("{9A19103F-16F7-4668-BE54-9A1E7A4F7556}") = "Retest1", "Retest1\Retest1.csproj", "{2926EF6C-C5E2-42EA-ADBD-6DF1D553FEFC}"
EndProject
Project("{FAE04EC0-301F-11D3-BF4B-00C04F79EFBC}") = "Tests", "Tests\Tests.csproj", "{B97849E8-4834-4D45-956C-0DC5E2DC340D}"
EndProject
Global
	GlobalSection(SolutionConfigurationPlatforms) = preSolution
		Debug|Any CPU = Debug|Any CPU
		Release|Any CPU = Release|Any CPU
	EndGlobalSection
	GlobalSection(ProjectConfigurationPlatforms) = postSolution
		{2926EF6C-C5E2-42EA-ADBD-6DF1D553FEFC}.Debug|Any CPU.ActiveCfg = Debug|Any CPU
		{2926EF6C-C5E2-42EA-ADBD-6DF1D553FEFC}.Debug|Any CPU.Build.0 = Debug|Any CPU
		{2926EF6C-C5E2-42EA-ADBD-6DF1D553FEFC}.Release|Any CPU.ActiveCfg = Release|Any CPU
		{2926EF6C-C5E2-42EA-ADBD-6DF1D553FEFC}.Release|Any CPU.Build.0 = Release|Any CPU
		{B97849E8-4834-4D45-956C-0DC5E2DC340D}.Debug|Any CPU.ActiveCfg = Debug|Any CPU
		{B97849E8-4834-4D45-956C-0DC5E2DC340D}.Debug|Any CPU.Build.0 = Debug|Any CPU
		{B97849E8-4834-4D45-956C-0DC5E2DC340D}.Release|Any CPU.ActiveCfg = Release|Any CPU
		{B97849E8-4834-4D45-956C-0DC5E2DC340D}.Release|Any CPU.Build.0 = Release|Any CPU
	EndGlobalSection
	GlobalSection(SolutionProperties) = preSolution
		HideSolutionNode = FALSE
	EndGlobalSection
	GlobalSection(ExtensibilityGlobals) = postSolution
		SolutionGuid = {2C475882-683F-4527-B4F1-47531EA741CD}
	EndGlobalSection
EndGlobal
