
Microsoft Visual Studio Solution File, Format Version 12.00
# Visual Studio Version 17
VisualStudioVersion = 17.5.002.0
MinimumVisualStudioVersion = 10.0.40219.1
Project("{9A19103F-16F7-4668-BE54-9A1E7A4F7556}") = "SkipList", "SkipList.csproj", "{92323E4A-25E4-4E99-ABC8-4F8558B3329B}"
EndProject
Project("{FAE04EC0-301F-11D3-BF4B-00C04F79EFBC}") = "SkipListTest", "..\SkipListTest\SkipListTest.csproj", "{3DECB955-78C5-4F25-84BC-4D5D102BA1CB}"
EndProject
Global
	GlobalSection(SolutionConfigurationPlatforms) = preSolution
		Debug|Any CPU = Debug|Any CPU
		Release|Any CPU = Release|Any CPU
	EndGlobalSection
	GlobalSection(ProjectConfigurationPlatforms) = postSolution
		{92323E4A-25E4-4E99-ABC8-4F8558B3329B}.Debug|Any CPU.ActiveCfg = Debug|Any CPU
		{92323E4A-25E4-4E99-ABC8-4F8558B3329B}.Debug|Any CPU.Build.0 = Debug|Any CPU
		{92323E4A-25E4-4E99-ABC8-4F8558B3329B}.Release|Any CPU.ActiveCfg = Release|Any CPU
		{92323E4A-25E4-4E99-ABC8-4F8558B3329B}.Release|Any CPU.Build.0 = Release|Any CPU
		{3DECB955-78C5-4F25-84BC-4D5D102BA1CB}.Debug|Any CPU.ActiveCfg = Debug|Any CPU
		{3DECB955-78C5-4F25-84BC-4D5D102BA1CB}.Debug|Any CPU.Build.0 = Debug|Any CPU
		{3DECB955-78C5-4F25-84BC-4D5D102BA1CB}.Release|Any CPU.ActiveCfg = Release|Any CPU
		{3DECB955-78C5-4F25-84BC-4D5D102BA1CB}.Release|Any CPU.Build.0 = Release|Any CPU
	EndGlobalSection
	GlobalSection(SolutionProperties) = preSolution
		HideSolutionNode = FALSE
	EndGlobalSection
	GlobalSection(ExtensibilityGlobals) = postSolution
		SolutionGuid = {829BA696-4232-4111-B84F-A95C3FBBF5FB}
	EndGlobalSection
EndGlobal
