
Microsoft Visual Studio Solution File, Format Version 12.00
# Visual Studio Version 17
VisualStudioVersion = 17.9.34607.119
MinimumVisualStudioVersion = 10.0.40219.1
Project("{FAE04EC0-301F-11D3-BF4B-00C04F79EFBC}") = "Trie", "Trie.csproj", "{B7F7A03C-3413-46A2-B23F-23680C6067B2}"
EndProject
Project("{9A19103F-16F7-4668-BE54-9A1E7A4F7556}") = "TrieTests", "..\TrieTests\TrieTests.csproj", "{1C42C607-28FA-4520-A656-ABA4702B9BBA}"
EndProject
Global
	GlobalSection(SolutionConfigurationPlatforms) = preSolution
		Debug|Any CPU = Debug|Any CPU
		Release|Any CPU = Release|Any CPU
	EndGlobalSection
	GlobalSection(ProjectConfigurationPlatforms) = postSolution
		{B7F7A03C-3413-46A2-B23F-23680C6067B2}.Debug|Any CPU.ActiveCfg = Debug|Any CPU
		{B7F7A03C-3413-46A2-B23F-23680C6067B2}.Debug|Any CPU.Build.0 = Debug|Any CPU
		{B7F7A03C-3413-46A2-B23F-23680C6067B2}.Release|Any CPU.ActiveCfg = Release|Any CPU
		{B7F7A03C-3413-46A2-B23F-23680C6067B2}.Release|Any CPU.Build.0 = Release|Any CPU
		{1C42C607-28FA-4520-A656-ABA4702B9BBA}.Debug|Any CPU.ActiveCfg = Debug|Any CPU
		{1C42C607-28FA-4520-A656-ABA4702B9BBA}.Debug|Any CPU.Build.0 = Debug|Any CPU
		{1C42C607-28FA-4520-A656-ABA4702B9BBA}.Release|Any CPU.ActiveCfg = Release|Any CPU
		{1C42C607-28FA-4520-A656-ABA4702B9BBA}.Release|Any CPU.Build.0 = Release|Any CPU
	EndGlobalSection
	GlobalSection(SolutionProperties) = preSolution
		HideSolutionNode = FALSE
	EndGlobalSection
	GlobalSection(ExtensibilityGlobals) = postSolution
		SolutionGuid = {FE822E7C-39B7-4707-B1DA-DB3584687258}
	EndGlobalSection
EndGlobal
