
Microsoft Visual Studio Solution File, Format Version 12.00
# Visual Studio Version 17
VisualStudioVersion = 17.0.31903.59
MinimumVisualStudioVersion = 10.0.40219.1
Project("{FAE04EC0-301F-11D3-BF4B-00C04F79EFBC}") = "Task", "Task.csproj", "{BC7C820B-0185-46ED-9C34-115CC986B1A3}"
EndProject
Project("{FAE04EC0-301F-11D3-BF4B-00C04F79EFBC}") = "TaskTest", "..\TaskTest\TaskTest.csproj", "{C2E69874-DF5A-40FD-A22B-76F7D49DF190}"
EndProject
Global
	GlobalSection(SolutionConfigurationPlatforms) = preSolution
		Debug|Any CPU = Debug|Any CPU
		Release|Any CPU = Release|Any CPU
	EndGlobalSection
	GlobalSection(SolutionProperties) = preSolution
		HideSolutionNode = FALSE
	EndGlobalSection
	GlobalSection(ProjectConfigurationPlatforms) = postSolution
		{BC7C820B-0185-46ED-9C34-115CC986B1A3}.Debug|Any CPU.ActiveCfg = Debug|Any CPU
		{BC7C820B-0185-46ED-9C34-115CC986B1A3}.Debug|Any CPU.Build.0 = Debug|Any CPU
		{BC7C820B-0185-46ED-9C34-115CC986B1A3}.Release|Any CPU.ActiveCfg = Release|Any CPU
		{BC7C820B-0185-46ED-9C34-115CC986B1A3}.Release|Any CPU.Build.0 = Release|Any CPU
		{C2E69874-DF5A-40FD-A22B-76F7D49DF190}.Debug|Any CPU.ActiveCfg = Debug|Any CPU
		{C2E69874-DF5A-40FD-A22B-76F7D49DF190}.Debug|Any CPU.Build.0 = Debug|Any CPU
		{C2E69874-DF5A-40FD-A22B-76F7D49DF190}.Release|Any CPU.ActiveCfg = Release|Any CPU
		{C2E69874-DF5A-40FD-A22B-76F7D49DF190}.Release|Any CPU.Build.0 = Release|Any CPU
	EndGlobalSection
EndGlobal
